
Microsoft Visual Studio Solution File, Format Version 12.00
# Visual Studio 15
VisualStudioVersion = 15.0.28307.1525
MinimumVisualStudioVersion = 10.0.40219.1
Project("{2150E333-8FDC-42A3-9474-1A3956D46DE8}") = "01. Client", "01. Client", "{3891CB00-2AB4-47AB-87FA-6FFD6BDDA29B}"
EndProject
Project("{2150E333-8FDC-42A3-9474-1A3956D46DE8}") = "02. Models", "02. Models", "{2B61F63D-AA5E-467C-A0EB-AD7B26DBFF2E}"
EndProject
Project("{9A19103F-16F7-4668-BE54-9A1E7A4F7556}") = "ConsoleClient", "src\ConsoleClient\ConsoleClient.csproj", "{B7B6FAF7-33F5-4E36-A8DD-01F2AFC81C8A}"
EndProject
Project("{9A19103F-16F7-4668-BE54-9A1E7A4F7556}") = "Models", "src\Models\Models.csproj", "{0550A91C-0A3A-4A33-832F-31A57F0B86D5}"
EndProject
Project("{2150E333-8FDC-42A3-9474-1A3956D46DE8}") = "03. Services", "03. Services", "{7A9E47E5-25B1-44D2-B900-ADC821503FEB}"
EndProject
Project("{9A19103F-16F7-4668-BE54-9A1E7A4F7556}") = "Services", "src\Services\Services.csproj", "{B3C97390-5BF9-4FBB-ACB5-032BF8B9A88C}"
EndProject
Project("{2150E333-8FDC-42A3-9474-1A3956D46DE8}") = "06. Common", "06. Common", "{019E92CC-EB9D-482E-83DF-6DF6283A45C9}"
EndProject
Project("{9A19103F-16F7-4668-BE54-9A1E7A4F7556}") = "Common", "src\Common\Common.csproj", "{B689DFEE-CA2B-44B1-A161-BB85674CE186}"
EndProject
Project("{2150E333-8FDC-42A3-9474-1A3956D46DE8}") = "04. UnitOfWork", "04. UnitOfWork", "{6FF889FB-3B46-489B-BC71-8F91B807250C}"
EndProject
Project("{2150E333-8FDC-42A3-9474-1A3956D46DE8}") = "05. Repository", "05. Repository", "{BCDEDBF5-CCCD-4C8F-ACB9-888FB1F407AE}"
EndProject
Project("{9A19103F-16F7-4668-BE54-9A1E7A4F7556}") = "UnitOfWork.Interfaces", "src\UnitOfWork.Interfaces\UnitOfWork.Interfaces.csproj", "{32DB23CF-59A0-40EE-94BF-25874E284335}"
EndProject
Project("{9A19103F-16F7-4668-BE54-9A1E7A4F7556}") = "UnitOfWork.SqlServer", "src\UnitOfWork.SqlServer\UnitOfWork.SqlServer.csproj", "{DE86A352-3B1A-43A6-AF1D-2602E6903070}"
EndProject
Project("{9A19103F-16F7-4668-BE54-9A1E7A4F7556}") = "Repository.Interfaces", "src\Repository.Interfaces\Repository.Interfaces.csproj", "{2C112F0B-9A66-41C1-BE0B-D312CBA66F5E}"
EndProject
Project("{9A19103F-16F7-4668-BE54-9A1E7A4F7556}") = "Repository.SqlServer", "src\Repository.SqlServer\Repository.SqlServer.csproj", "{1866E3FF-0B96-4855-923B-18F99CE1EDC6}"
EndProject
Project("{FAE04EC0-301F-11D3-BF4B-00C04F79EFBC}") = "AspNetClient", "src\AspNetClient\AspNetClient.csproj", "{6BBD0680-5479-43D2-8373-E1799E58C828}"
EndProject
Global
	GlobalSection(SolutionConfigurationPlatforms) = preSolution
		Debug|Any CPU = Debug|Any CPU
		Release|Any CPU = Release|Any CPU
	EndGlobalSection
	GlobalSection(ProjectConfigurationPlatforms) = postSolution
		{B7B6FAF7-33F5-4E36-A8DD-01F2AFC81C8A}.Debug|Any CPU.ActiveCfg = Debug|Any CPU
		{B7B6FAF7-33F5-4E36-A8DD-01F2AFC81C8A}.Debug|Any CPU.Build.0 = Debug|Any CPU
		{B7B6FAF7-33F5-4E36-A8DD-01F2AFC81C8A}.Release|Any CPU.ActiveCfg = Release|Any CPU
		{B7B6FAF7-33F5-4E36-A8DD-01F2AFC81C8A}.Release|Any CPU.Build.0 = Release|Any CPU
		{0550A91C-0A3A-4A33-832F-31A57F0B86D5}.Debug|Any CPU.ActiveCfg = Debug|Any CPU
		{0550A91C-0A3A-4A33-832F-31A57F0B86D5}.Debug|Any CPU.Build.0 = Debug|Any CPU
		{0550A91C-0A3A-4A33-832F-31A57F0B86D5}.Release|Any CPU.ActiveCfg = Release|Any CPU
		{0550A91C-0A3A-4A33-832F-31A57F0B86D5}.Release|Any CPU.Build.0 = Release|Any CPU
		{B3C97390-5BF9-4FBB-ACB5-032BF8B9A88C}.Debug|Any CPU.ActiveCfg = Debug|Any CPU
		{B3C97390-5BF9-4FBB-ACB5-032BF8B9A88C}.Debug|Any CPU.Build.0 = Debug|Any CPU
		{B3C97390-5BF9-4FBB-ACB5-032BF8B9A88C}.Release|Any CPU.ActiveCfg = Release|Any CPU
		{B3C97390-5BF9-4FBB-ACB5-032BF8B9A88C}.Release|Any CPU.Build.0 = Release|Any CPU
		{B689DFEE-CA2B-44B1-A161-BB85674CE186}.Debug|Any CPU.ActiveCfg = Debug|Any CPU
		{B689DFEE-CA2B-44B1-A161-BB85674CE186}.Debug|Any CPU.Build.0 = Debug|Any CPU
		{B689DFEE-CA2B-44B1-A161-BB85674CE186}.Release|Any CPU.ActiveCfg = Release|Any CPU
		{B689DFEE-CA2B-44B1-A161-BB85674CE186}.Release|Any CPU.Build.0 = Release|Any CPU
		{32DB23CF-59A0-40EE-94BF-25874E284335}.Debug|Any CPU.ActiveCfg = Debug|Any CPU
		{32DB23CF-59A0-40EE-94BF-25874E284335}.Debug|Any CPU.Build.0 = Debug|Any CPU
		{32DB23CF-59A0-40EE-94BF-25874E284335}.Release|Any CPU.ActiveCfg = Release|Any CPU
		{32DB23CF-59A0-40EE-94BF-25874E284335}.Release|Any CPU.Build.0 = Release|Any CPU
		{DE86A352-3B1A-43A6-AF1D-2602E6903070}.Debug|Any CPU.ActiveCfg = Debug|Any CPU
		{DE86A352-3B1A-43A6-AF1D-2602E6903070}.Debug|Any CPU.Build.0 = Debug|Any CPU
		{DE86A352-3B1A-43A6-AF1D-2602E6903070}.Release|Any CPU.ActiveCfg = Release|Any CPU
		{DE86A352-3B1A-43A6-AF1D-2602E6903070}.Release|Any CPU.Build.0 = Release|Any CPU
		{2C112F0B-9A66-41C1-BE0B-D312CBA66F5E}.Debug|Any CPU.ActiveCfg = Debug|Any CPU
		{2C112F0B-9A66-41C1-BE0B-D312CBA66F5E}.Debug|Any CPU.Build.0 = Debug|Any CPU
		{2C112F0B-9A66-41C1-BE0B-D312CBA66F5E}.Release|Any CPU.ActiveCfg = Release|Any CPU
		{2C112F0B-9A66-41C1-BE0B-D312CBA66F5E}.Release|Any CPU.Build.0 = Release|Any CPU
		{1866E3FF-0B96-4855-923B-18F99CE1EDC6}.Debug|Any CPU.ActiveCfg = Debug|Any CPU
		{1866E3FF-0B96-4855-923B-18F99CE1EDC6}.Debug|Any CPU.Build.0 = Debug|Any CPU
		{1866E3FF-0B96-4855-923B-18F99CE1EDC6}.Release|Any CPU.ActiveCfg = Release|Any CPU
		{1866E3FF-0B96-4855-923B-18F99CE1EDC6}.Release|Any CPU.Build.0 = Release|Any CPU
		{6BBD0680-5479-43D2-8373-E1799E58C828}.Debug|Any CPU.ActiveCfg = Debug|Any CPU
		{6BBD0680-5479-43D2-8373-E1799E58C828}.Debug|Any CPU.Build.0 = Debug|Any CPU
		{6BBD0680-5479-43D2-8373-E1799E58C828}.Release|Any CPU.ActiveCfg = Release|Any CPU
		{6BBD0680-5479-43D2-8373-E1799E58C828}.Release|Any CPU.Build.0 = Release|Any CPU
	EndGlobalSection
	GlobalSection(SolutionProperties) = preSolution
		HideSolutionNode = FALSE
	EndGlobalSection
	GlobalSection(NestedProjects) = preSolution
		{B7B6FAF7-33F5-4E36-A8DD-01F2AFC81C8A} = {3891CB00-2AB4-47AB-87FA-6FFD6BDDA29B}
		{0550A91C-0A3A-4A33-832F-31A57F0B86D5} = {2B61F63D-AA5E-467C-A0EB-AD7B26DBFF2E}
		{B3C97390-5BF9-4FBB-ACB5-032BF8B9A88C} = {7A9E47E5-25B1-44D2-B900-ADC821503FEB}
		{B689DFEE-CA2B-44B1-A161-BB85674CE186} = {019E92CC-EB9D-482E-83DF-6DF6283A45C9}
		{32DB23CF-59A0-40EE-94BF-25874E284335} = {6FF889FB-3B46-489B-BC71-8F91B807250C}
		{DE86A352-3B1A-43A6-AF1D-2602E6903070} = {6FF889FB-3B46-489B-BC71-8F91B807250C}
		{2C112F0B-9A66-41C1-BE0B-D312CBA66F5E} = {BCDEDBF5-CCCD-4C8F-ACB9-888FB1F407AE}
		{1866E3FF-0B96-4855-923B-18F99CE1EDC6} = {BCDEDBF5-CCCD-4C8F-ACB9-888FB1F407AE}
		{6BBD0680-5479-43D2-8373-E1799E58C828} = {3891CB00-2AB4-47AB-87FA-6FFD6BDDA29B}
	EndGlobalSection
	GlobalSection(ExtensibilityGlobals) = postSolution
		SolutionGuid = {2328FE39-083D-47EA-8CA8-243FE2F7749B}
	EndGlobalSection
EndGlobal
